
Microsoft Visual Studio Solution File, Format Version 12.00
# Visual Studio Version 17
VisualStudioVersion = 17.14.36414.22 d17.14
MinimumVisualStudioVersion = 10.0.40219.1
Project("{FAE04EC0-301F-11D3-BF4B-00C04F79EFBC}") = "TaskMasterApi", "TaskMasterApi\TaskMasterApi.csproj", "{3CAA4360-A164-439A-8597-9823FA1395B8}"
EndProject
Global
	GlobalSection(SolutionConfigurationPlatforms) = preSolution
		Debug|Any CPU = Debug|Any CPU
		Release|Any CPU = Release|Any CPU
	EndGlobalSection
	GlobalSection(ProjectConfigurationPlatforms) = postSolution
		{3CAA4360-A164-439A-8597-9823FA1395B8}.Debug|Any CPU.ActiveCfg = Debug|Any CPU
		{3CAA4360-A164-439A-8597-9823FA1395B8}.Debug|Any CPU.Build.0 = Debug|Any CPU
		{3CAA4360-A164-439A-8597-9823FA1395B8}.Release|Any CPU.ActiveCfg = Release|Any CPU
		{3CAA4360-A164-439A-8597-9823FA1395B8}.Release|Any CPU.Build.0 = Release|Any CPU
	EndGlobalSection
	GlobalSection(SolutionProperties) = preSolution
		HideSolutionNode = FALSE
	EndGlobalSection
	GlobalSection(ExtensibilityGlobals) = postSolution
		SolutionGuid = {98F7CF4C-B9D5-499B-98D1-2DB3ADF78569}
	EndGlobalSection
EndGlobal
